github.com/go-gst/go-pointer v0.0.0-20241127163939-ba766f075b4c h1:x8kKRVDmz5BRlolmDZGcsuZ1l+js6TRL3QWBJjGVctM=
github.com/go-gst/go-pointer v0.0.0-20241127163939-ba766f075b4c/go.mod h1:qKw5ZZ0U58W6PU/7F/Lopv+14nKYmdXlOd7VnAZ17Mk=
golang.org/x/exp v0.0.0-20250408133849-7e4ce0ab07d0 h1:R84qjqJb5nVJMxqWYb3np9L5ZsaDtB+a39EqjV0JSUM=
